// !$*UTF8*$!
{
	archiveVersion = 1;
	classes = {
	};
	objectVersion = 50;
	objects = {

/* Begin PBXBuildFile section */
		93E791AF262DB6F9003C7CA3 /* main.swift in Sources */ = {isa = PBXBuildFile; fileRef = 93E791AE262DB6F9003C7CA3 /* main.swift */; };
		93E791B7262DB71A003C7CA3 /* Character.swift in Sources */ = {isa = PBXBuildFile; fileRef = 93E791B6262DB71A003C7CA3 /* Character.swift */; };
		93E791BA262DB728003C7CA3 /* FightClass.swift in Sources */ = {isa = PBXBuildFile; fileRef = 93E791B9262DB728003C7CA3 /* FightClass.swift */; };
		93E791BD262DB734003C7CA3 /* Weapon.swift in Sources */ = {isa = PBXBuildFile; fileRef = 93E791BC262DB734003C7CA3 /* Weapon.swift */; };
		93E791C0262DB748003C7CA3 /* Chest.swift in Sources */ = {isa = PBXBuildFile; fileRef = 93E791BF262DB748003C7CA3 /* Chest.swift */; };
		93E791C3262DB75E003C7CA3 /* Player.swift in Sources */ = {isa = PBXBuildFile; fileRef = 93E791C2262DB75E003C7CA3 /* Player.swift */; };
		93E791C6262DB768003C7CA3 /* Game.swift in Sources */ = {isa = PBXBuildFile; fileRef = 93E791C5262DB768003C7CA3 /* Game.swift */; };
/* End PBXBuildFile section */

/* Begin PBXCopyFilesBuildPhase section */
		93E791A9262DB6F9003C7CA3 /* CopyFiles */ = {
			isa = PBXCopyFilesBuildPhase;
			buildActionMask = 2147483647;
			dstPath = /usr/share/man/man1/;
			dstSubfolderSpec = 0;
			files = (
			);
			runOnlyForDeploymentPostprocessing = 1;
		};
/* End PBXCopyFilesBuildPhase section */

/* Begin PBXFileReference section */
		93E791AB262DB6F9003C7CA3 /* FGF */ = {isa = PBXFileReference; explicitFileType = "compiled.mach-o.executable"; includeInIndex = 0; path = FGF; sourceTree = BUILT_PRODUCTS_DIR; };
		93E791AE262DB6F9003C7CA3 /* main.swift */ = {isa = PBXFileReference; lastKnownFileType = sourcecode.swift; path = main.swift; sourceTree = "<group>"; };
		93E791B6262DB71A003C7CA3 /* Character.swift */ = {isa = PBXFileReference; lastKnownFileType = sourcecode.swift; path = Character.swift; sourceTree = "<group>"; };
		93E791B9262DB728003C7CA3 /* FightClass.swift */ = {isa = PBXFileReference; lastKnownFileType = sourcecode.swift; path = FightClass.swift; sourceTree = "<group>"; };
		93E791BC262DB734003C7CA3 /* Weapon.swift */ = {isa = PBXFileReference; lastKnownFileType = sourcecode.swift; path = Weapon.swift; sourceTree = "<group>"; };
		93E791BF262DB748003C7CA3 /* Chest.swift */ = {isa = PBXFileReference; lastKnownFileType = sourcecode.swift; path = Chest.swift; sourceTree = "<group>"; };
		93E791C2262DB75E003C7CA3 /* Player.swift */ = {isa = PBXFileReference; lastKnownFileType = sourcecode.swift; path = Player.swift; sourceTree = "<group>"; };
		93E791C5262DB768003C7CA3 /* Game.swift */ = {isa = PBXFileReference; lastKnownFileType = sourcecode.swift; path = Game.swift; sourceTree = "<group>"; };
/* End PBXFileReference section */

/* Begin PBXFrameworksBuildPhase section */
		93E791A8262DB6F9003C7CA3 /* Frameworks */ = {
			isa = PBXFrameworksBuildPhase;
			buildActionMask = 2147483647;
			files = (
			);
			runOnlyForDeploymentPostprocessing = 0;
		};
/* End PBXFrameworksBuildPhase section */

/* Begin PBXGroup section */
		93E791A2262DB6F9003C7CA3 = {
			isa = PBXGroup;
			children = (
				93E791AD262DB6F9003C7CA3 /* FGF */,
				93E791AC262DB6F9003C7CA3 /* Products */,
			);
			sourceTree = "<group>";
		};
		93E791AC262DB6F9003C7CA3 /* Products */ = {
			isa = PBXGroup;
			children = (
				93E791AB262DB6F9003C7CA3 /* FGF */,
			);
			name = Products;
			sourceTree = "<group>";
		};
		93E791AD262DB6F9003C7CA3 /* FGF */ = {
			isa = PBXGroup;
			children = (
				93E791AE262DB6F9003C7CA3 /* main.swift */,
				93E791B6262DB71A003C7CA3 /* Character.swift */,
				93E791BC262DB734003C7CA3 /* Weapon.swift */,
				93E791B9262DB728003C7CA3 /* FightClass.swift */,
				93E791BF262DB748003C7CA3 /* Chest.swift */,
				93E791C2262DB75E003C7CA3 /* Player.swift */,
				93E791C5262DB768003C7CA3 /* Game.swift */,
			);
			path = FGF;
			sourceTree = "<group>";
		};
/* End PBXGroup section */

/* Begin PBXNativeTarget section */
		93E791AA262DB6F9003C7CA3 /* FGF */ = {
			isa = PBXNativeTarget;
			buildConfigurationList = 93E791B2262DB6F9003C7CA3 /* Build configuration list for PBXNativeTarget "FGF" */;
			buildPhases = (
				93E791A7262DB6F9003C7CA3 /* Sources */,
				93E791A8262DB6F9003C7CA3 /* Frameworks */,
				93E791A9262DB6F9003C7CA3 /* CopyFiles */,
			);
			buildRules = (
			);
			dependencies = (
			);
			name = FGF;
			productName = FGF;
			productReference = 93E791AB262DB6F9003C7CA3 /* FGF */;
			productType = "com.apple.product-type.tool";
		};
/* End PBXNativeTarget section */

/* Begin PBXProject section */
		93E791A3262DB6F9003C7CA3 /* Project object */ = {
			isa = PBXProject;
			attributes = {
				LastSwiftUpdateCheck = 1240;
				LastUpgradeCheck = 1240;
				TargetAttributes = {
					93E791AA262DB6F9003C7CA3 = {
						CreatedOnToolsVersion = 12.4;
					};
				};
			};
			buildConfigurationList = 93E791A6262DB6F9003C7CA3 /* Build configuration list for PBXProject "FGF" */;
			compatibilityVersion = "Xcode 9.3";
			developmentRegion = en;
			hasScannedForEncodings = 0;
			knownRegions = (
				en,
				Base,
			);
			mainGroup = 93E791A2262DB6F9003C7CA3;
			productRefGroup = 93E791AC262DB6F9003C7CA3 /* Products */;
			projectDirPath = "";
			projectRoot = "";
			targets = (
				93E791AA262DB6F9003C7CA3 /* FGF */,
			);
		};
/* End PBXProject section */

/* Begin PBXSourcesBuildPhase section */
		93E791A7262DB6F9003C7CA3 /* Sources */ = {
			isa = PBXSourcesBuildPhase;
			buildActionMask = 2147483647;
			files = (
				93E791C3262DB75E003C7CA3 /* Player.swift in Sources */,
				93E791AF262DB6F9003C7CA3 /* main.swift in Sources */,
				93E791C6262DB768003C7CA3 /* Game.swift in Sources */,
				93E791BD262DB734003C7CA3 /* Weapon.swift in Sources */,
				93E791B7262DB71A003C7CA3 /* Character.swift in Sources */,
				93E791BA262DB728003C7CA3 /* FightClass.swift in Sources */,
				93E791C0262DB748003C7CA3 /* Chest.swift in Sources */,
			);
			runOnlyForDeploymentPostprocessing = 0;
		};
/* End PBXSourcesBuildPhase section */

/* Begin XCBuildConfiguration section */
		93E791B0262DB6F9003C7CA3 /* Debug */ = {
			isa = XCBuildConfiguration;
			buildSettings = {
				ALWAYS_SEARCH_USER_PATHS = NO;
				CLANG_ANALYZER_NONNULL = YES;
				CLANG_ANALYZER_NUMBER_OBJECT_CONVERSION = YES_AGGRESSIVE;
				CLANG_CXX_LANGUAGE_STANDARD = "gnu++14";
				CLANG_CXX_LIBRARY = "libc++";
				CLANG_ENABLE_MODULES = YES;
				CLANG_ENABLE_OBJC_ARC = YES;
				CLANG_ENABLE_OBJC_WEAK = YES;
				CLANG_WARN_BLOCK_CAPTURE_AUTORELEASING = YES;
				CLANG_WARN_BOOL_CONVERSION = YES;
				CLANG_WARN_COMMA = YES;
				CLANG_WARN_CONSTANT_CONVERSION = YES;
				CLANG_WARN_DEPRECATED_OBJC_IMPLEMENTATIONS = YES;
				CLANG_WARN_DIRECT_OBJC_ISA_USAGE = YES_ERROR;
				CLANG_WARN_DOCUMENTATION_COMMENTS = YES;
				CLANG_WARN_EMPTY_BODY = YES;
				CLANG_WARN_ENUM_CONVERSION = YES;
				CLANG_WARN_INFINITE_RECURSION = YES;
				CLANG_WARN_INT_CONVERSION = YES;
				CLANG_WARN_NON_LITERAL_NULL_CONVERSION = YES;
				CLANG_WARN_OBJC_IMPLICIT_RETAIN_SELF = YES;
				CLANG_WARN_OBJC_LITERAL_CONVERSION = YES;
				CLANG_WARN_OBJC_ROOT_CLASS = YES_ERROR;
				CLANG_WARN_QUOTED_INCLUDE_IN_FRAMEWORK_HEADER = YES;
				CLANG_WARN_RANGE_LOOP_ANALYSIS = YES;
				CLANG_WARN_STRICT_PROTOTYPES = YES;
				CLANG_WARN_SUSPICIOUS_MOVE = YES;
				CLANG_WARN_UNGUARDED_AVAILABILITY = YES_AGGRESSIVE;
				CLANG_WARN_UNREACHABLE_CODE = YES;
				CLANG_WARN__DUPLICATE_METHOD_MATCH = YES;
				COPY_PHASE_STRIP = NO;
				DEBUG_INFORMATION_FORMAT = dwarf;
				ENABLE_STRICT_OBJC_MSGSEND = YES;
				ENABLE_TESTABILITY = YES;
				GCC_C_LANGUAGE_STANDARD = gnu11;
				GCC_DYNAMIC_NO_PIC = NO;
				GCC_NO_COMMON_BLOCKS = YES;
				GCC_OPTIMIZATION_LEVEL = 0;
				GCC_PREPROCESSOR_DEFINITIONS = (
					"DEBUG=1",
					"$(inherited)",
				);
				GCC_WARN_64_TO_32_BIT_CONVERSION = YES;
				GCC_WARN_ABOUT_RETURN_TYPE = YES_ERROR;
				GCC_WARN_UNDECLARED_SELECTOR = YES;
				GCC_WARN_UNINITIALIZED_AUTOS = YES_AGGRESSIVE;
				GCC_WARN_UNUSED_FUNCTION = YES;
				GCC_WARN_UNUSED_VARIABLE = YES;
				MACOSX_DEPLOYMENT_TARGET = 10.15;
				MTL_ENABLE_DEBUG_INFO = INCLUDE_SOURCE;
				MTL_FAST_MATH = YES;
				ONLY_ACTIVE_ARCH = YES;
				SDKROOT = macosx;
				SWIFT_ACTIVE_COMPILATION_CONDITIONS = DEBUG;
				SWIFT_OPTIMIZATION_LEVEL = "-Onone";
			};
			name = Debug;
		};
		93E791B1262DB6F9003C7CA3 /* Release */ = {
			isa = XCBuildConfiguration;
			buildSettings = {
				ALWAYS_SEARCH_USER_PATHS = NO;
				CLANG_ANALYZER_NONNULL = YES;
				CLANG_ANALYZER_NUMBER_OBJECT_CONVERSION = YES_AGGRESSIVE;
				CLANG_CXX_LANGUAGE_STANDARD = "gnu++14";
				CLANG_CXX_LIBRARY = "libc++";
				CLANG_ENABLE_MODULES = YES;
				CLANG_ENABLE_OBJC_ARC = YES;
				CLANG_ENABLE_OBJC_WEAK = YES;
				CLANG_WARN_BLOCK_CAPTURE_AUTORELEASING = YES;
				CLANG_WARN_BOOL_CONVERSION = YES;
				CLANG_WARN_COMMA = YES;
				CLANG_WARN_CONSTANT_CONVERSION = YES;
				CLANG_WARN_DEPRECATED_OBJC_IMPLEMENTATIONS = YES;
				CLANG_WARN_DIRECT_OBJC_ISA_USAGE = YES_ERROR;
				CLANG_WARN_DOCUMENTATION_COMMENTS = YES;
				CLANG_WARN_EMPTY_BODY = YES;
				CLANG_WARN_ENUM_CONVERSION = YES;
				CLANG_WARN_INFINITE_RECURSION = YES;
				CLANG_WARN_INT_CONVERSION = YES;
				CLANG_WARN_NON_LITERAL_NULL_CONVERSION = YES;
				CLANG_WARN_OBJC_IMPLICIT_RETAIN_SELF = YES;
				CLANG_WARN_OBJC_LITERAL_CONVERSION = YES;
				CLANG_WARN_OBJC_ROOT_CLASS = YES_ERROR;
				CLANG_WARN_QUOTED_INCLUDE_IN_FRAMEWORK_HEADER = YES;
				CLANG_WARN_RANGE_LOOP_ANALYSIS = YES;
				CLANG_WARN_STRICT_PROTOTYPES = YES;
				CLANG_WARN_SUSPICIOUS_MOVE = YES;
				CLANG_WARN_UNGUARDED_AVAILABILITY = YES_AGGRESSIVE;
				CLANG_WARN_UNREACHABLE_CODE = YES;
				CLANG_WARN__DUPLICATE_METHOD_MATCH = YES;
				COPY_PHASE_STRIP = NO;
				DEBUG_INFORMATION_FORMAT = "dwarf-with-dsym";
				ENABLE_NS_ASSERTIONS = NO;
				ENABLE_STRICT_OBJC_MSGSEND = YES;
				GCC_C_LANGUAGE_STANDARD = gnu11;
				GCC_NO_COMMON_BLOCKS = YES;
				GCC_WARN_64_TO_32_BIT_CONVERSION = YES;
				GCC_WARN_ABOUT_RETURN_TYPE = YES_ERROR;
				GCC_WARN_UNDECLARED_SELECTOR = YES;
				GCC_WARN_UNINITIALIZED_AUTOS = YES_AGGRESSIVE;
				GCC_WARN_UNUSED_FUNCTION = YES;
				GCC_WARN_UNUSED_VARIABLE = YES;
				MACOSX_DEPLOYMENT_TARGET = 10.15;
				MTL_ENABLE_DEBUG_INFO = NO;
				MTL_FAST_MATH = YES;
				SDKROOT = macosx;
				SWIFT_COMPILATION_MODE = wholemodule;
				SWIFT_OPTIMIZATION_LEVEL = "-O";
			};
			name = Release;
		};
		93E791B3262DB6F9003C7CA3 /* Debug */ = {
			isa = XCBuildConfiguration;
			buildSettings = {
				CODE_SIGN_STYLE = Automatic;
				DEVELOPMENT_TEAM = THWH45D288;
				ENABLE_HARDENED_RUNTIME = YES;
				PRODUCT_NAME = "$(TARGET_NAME)";
				SWIFT_VERSION = 5.0;
			};
			name = Debug;
		};
		93E791B4262DB6F9003C7CA3 /* Release */ = {
			isa = XCBuildConfiguration;
			buildSettings = {
				CODE_SIGN_STYLE = Automatic;
				DEVELOPMENT_TEAM = THWH45D288;
				ENABLE_HARDENED_RUNTIME = YES;
				PRODUCT_NAME = "$(TARGET_NAME)";
				SWIFT_VERSION = 5.0;
			};
			name = Release;
		};
/* End XCBuildConfiguration section */

/* Begin XCConfigurationList section */
		93E791A6262DB6F9003C7CA3 /* Build configuration list for PBXProject "FGF" */ = {
			isa = XCConfigurationList;
			buildConfigurations = (
				93E791B0262DB6F9003C7CA3 /* Debug */,
				93E791B1262DB6F9003C7CA3 /* Release */,
			);
			defaultConfigurationIsVisible = 0;
			defaultConfigurationName = Release;
		};
		93E791B2262DB6F9003C7CA3 /* Build configuration list for PBXNativeTarget "FGF" */ = {
			isa = XCConfigurationList;
			buildConfigurations = (
				93E791B3262DB6F9003C7CA3 /* Debug */,
				93E791B4262DB6F9003C7CA3 /* Release */,
			);
			defaultConfigurationIsVisible = 0;
			defaultConfigurationName = Release;
		};
/* End XCConfigurationList section */
	};
	rootObject = 93E791A3262DB6F9003C7CA3 /* Project object */;
}
